
Microsoft Visual Studio Solution File, Format Version 10.00
# Visual Studio 2008
Project("{8BC9CEB8-8B4A-11D0-8D11-00A0C91BC942}") = "NanoDoctor", "NanoDoctor.vcproj", "{AFD8EA36-5516-4B7B-8CF2-771EFD735D80}"
EndProject
Global
	GlobalSection(SolutionConfigurationPlatforms) = preSolution
		Debug|Win32 = Debug|Win32
		Release|Win32 = Release|Win32
	EndGlobalSection
	GlobalSection(ProjectConfigurationPlatforms) = postSolution
		{AFD8EA36-5516-4B7B-8CF2-771EFD735D80}.Debug|Win32.ActiveCfg = Debug|Win32
		{AFD8EA36-5516-4B7B-8CF2-771EFD735D80}.Debug|Win32.Build.0 = Debug|Win32
		{AFD8EA36-5516-4B7B-8CF2-771EFD735D80}.Release|Win32.ActiveCfg = Release|Win32
		{AFD8EA36-5516-4B7B-8CF2-771EFD735D80}.Release|Win32.Build.0 = Release|Win32
	EndGlobalSection
	GlobalSection(SolutionProperties) = preSolution
		HideSolutionNode = FALSE
	EndGlobalSection
EndGlobal
